
Microsoft Visual Studio Solution File, Format Version 12.00
# Visual Studio Version 16
VisualStudioVersion = 16.0.29905.134
MinimumVisualStudioVersion = 10.0.40219.1
Project("{FAE04EC0-301F-11D3-BF4B-00C04F79EFBC}") = "Common", "Common\Common.csproj", "{30DCB25D-0B60-4B7F-8A0B-312C0B946889}"
EndProject
Project("{FAE04EC0-301F-11D3-BF4B-00C04F79EFBC}") = "IDAL", "IDAL\IDAL.csproj", "{E4823428-EE96-44ED-B832-2EC6B1BC59EE}"
EndProject
Project("{FAE04EC0-301F-11D3-BF4B-00C04F79EFBC}") = "DAL", "DAL\DAL.csproj", "{CD50D773-9CA9-4B4C-B3B6-06FD32BF639D}"
EndProject
Project("{FAE04EC0-301F-11D3-BF4B-00C04F79EFBC}") = "Model", "BLL\Model.csproj", "{87D80CA0-F74A-4856-90A7-3DC29A9D5619}"
EndProject
Project("{FAE04EC0-301F-11D3-BF4B-00C04F79EFBC}") = "EProject", "EProject\EProject.csproj", "{A771E365-25F0-4974-92FE-E1EDE6CCE1E1}"
EndProject
Global
	GlobalSection(SolutionConfigurationPlatforms) = preSolution
		Debug|Any CPU = Debug|Any CPU
		Release|Any CPU = Release|Any CPU
	EndGlobalSection
	GlobalSection(ProjectConfigurationPlatforms) = postSolution
		{30DCB25D-0B60-4B7F-8A0B-312C0B946889}.Debug|Any CPU.ActiveCfg = Debug|Any CPU
		{30DCB25D-0B60-4B7F-8A0B-312C0B946889}.Debug|Any CPU.Build.0 = Debug|Any CPU
		{30DCB25D-0B60-4B7F-8A0B-312C0B946889}.Release|Any CPU.ActiveCfg = Release|Any CPU
		{30DCB25D-0B60-4B7F-8A0B-312C0B946889}.Release|Any CPU.Build.0 = Release|Any CPU
		{E4823428-EE96-44ED-B832-2EC6B1BC59EE}.Debug|Any CPU.ActiveCfg = Debug|Any CPU
		{E4823428-EE96-44ED-B832-2EC6B1BC59EE}.Debug|Any CPU.Build.0 = Debug|Any CPU
		{E4823428-EE96-44ED-B832-2EC6B1BC59EE}.Release|Any CPU.ActiveCfg = Release|Any CPU
		{E4823428-EE96-44ED-B832-2EC6B1BC59EE}.Release|Any CPU.Build.0 = Release|Any CPU
		{CD50D773-9CA9-4B4C-B3B6-06FD32BF639D}.Debug|Any CPU.ActiveCfg = Debug|Any CPU
		{CD50D773-9CA9-4B4C-B3B6-06FD32BF639D}.Debug|Any CPU.Build.0 = Debug|Any CPU
		{CD50D773-9CA9-4B4C-B3B6-06FD32BF639D}.Release|Any CPU.ActiveCfg = Release|Any CPU
		{CD50D773-9CA9-4B4C-B3B6-06FD32BF639D}.Release|Any CPU.Build.0 = Release|Any CPU
		{87D80CA0-F74A-4856-90A7-3DC29A9D5619}.Debug|Any CPU.ActiveCfg = Debug|Any CPU
		{87D80CA0-F74A-4856-90A7-3DC29A9D5619}.Debug|Any CPU.Build.0 = Debug|Any CPU
		{87D80CA0-F74A-4856-90A7-3DC29A9D5619}.Release|Any CPU.ActiveCfg = Release|Any CPU
		{87D80CA0-F74A-4856-90A7-3DC29A9D5619}.Release|Any CPU.Build.0 = Release|Any CPU
		{A771E365-25F0-4974-92FE-E1EDE6CCE1E1}.Debug|Any CPU.ActiveCfg = Debug|Any CPU
		{A771E365-25F0-4974-92FE-E1EDE6CCE1E1}.Debug|Any CPU.Build.0 = Debug|Any CPU
		{A771E365-25F0-4974-92FE-E1EDE6CCE1E1}.Release|Any CPU.ActiveCfg = Release|Any CPU
		{A771E365-25F0-4974-92FE-E1EDE6CCE1E1}.Release|Any CPU.Build.0 = Release|Any CPU
	EndGlobalSection
	GlobalSection(SolutionProperties) = preSolution
		HideSolutionNode = FALSE
	EndGlobalSection
	GlobalSection(ExtensibilityGlobals) = postSolution
		SolutionGuid = {426ACA83-36FA-4771-A33C-8D8451791A30}
	EndGlobalSection
EndGlobal
